
Microsoft Visual Studio Solution File, Format Version 12.00
# Visual Studio 15
VisualStudioVersion = 15.0.28307.757
MinimumVisualStudioVersion = 10.0.40219.1
Project("{FAE04EC0-301F-11D3-BF4B-00C04F79EFBC}") = "AsterNET.NetStandard", "AsterNET.NetStandard\AsterNET.NetStandard.csproj", "{DE4BB092-FD47-4994-B32D-6DBDA77C967B}"
EndProject
Global
	GlobalSection(SolutionConfigurationPlatforms) = preSolution
		Debug|Any CPU = Debug|Any CPU
		Release|Any CPU = Release|Any CPU
	EndGlobalSection
	GlobalSection(ProjectConfigurationPlatforms) = postSolution
		{DE4BB092-FD47-4994-B32D-6DBDA77C967B}.Debug|Any CPU.ActiveCfg = Debug|Any CPU
		{DE4BB092-FD47-4994-B32D-6DBDA77C967B}.Debug|Any CPU.Build.0 = Debug|Any CPU
		{DE4BB092-FD47-4994-B32D-6DBDA77C967B}.Release|Any CPU.ActiveCfg = Release|Any CPU
		{DE4BB092-FD47-4994-B32D-6DBDA77C967B}.Release|Any CPU.Build.0 = Release|Any CPU
	EndGlobalSection
	GlobalSection(SolutionProperties) = preSolution
		HideSolutionNode = FALSE
	EndGlobalSection
	GlobalSection(ExtensibilityGlobals) = postSolution
		SolutionGuid = {0C524E8D-F083-4D34-9885-CDBA35485C76}
	EndGlobalSection
EndGlobal
